{"format_version":"1.0","provider_schemas":{"registry.opentofu.org/dlarochette/systemd":{"provider":{"version":0,"block":{"attributes":{"bastion_host":{"type":"string","description":"Optional SSH jump host.","description_kind":"markdown","optional":true},"bastion_port":{"type":"number","description":"Bastion SSH port (default `22`).","description_kind":"markdown","optional":true},"bastion_user":{"type":"string","description":"SSH user on the bastion (defaults to `user`).","description_kind":"markdown","optional":true},"host":{"type":"string","description":"SSH hostname or IP address of the target machine.","description_kind":"markdown","required":true},"insecure_ignore_host_key":{"type":"bool","description":"Skip `known_hosts` verification (lab only).","description_kind":"markdown","optional":true},"port":{"type":"number","description":"SSH port (default `22`).","description_kind":"markdown","optional":true},"private_key":{"type":"string","description":"PEM-encoded private key contents. Conflicts with `private_key_path`.","description_kind":"markdown","optional":true,"sensitive":true},"private_key_path":{"type":"string","description":"Path to a PEM private key file. Conflicts with `private_key`.","description_kind":"markdown","optional":true},"ssh_agent":{"type":"bool","description":"Use the local SSH agent (`SSH_AUTH_SOCK`). Defaults to true when no key is set.","description_kind":"markdown","optional":true},"user":{"type":"string","description":"SSH user (default `root`).","description_kind":"markdown","optional":true}},"description":"Manage systemd units and networkd files on remote hosts over SSH (SFTP + systemctl/networkctl).","description_kind":"markdown"}},"resource_schemas":{"systemd_automount":{"version":0,"block":{"attributes":{"active":{"type":"bool","description":"Whether the unit should be started (`systemctl start` / `stop`). Start failure fails the apply.","description_kind":"markdown","optional":true},"content":{"type":"string","description":"Raw file contents. Mutually exclusive with `section` blocks. When using `section`, this is computed from the rendered INI.","description_kind":"markdown","optional":true,"computed":true},"enable":{"type":"bool","description":"Whether the unit should be enabled (`systemctl enable` / `disable`).","description_kind":"markdown","optional":true},"id":{"type":"string","description":"Resource identifier used in Terraform state.","description_kind":"markdown","computed":true},"name":{"type":"string","description":"Unit filename ending with `.automount`. Forces replacement when changed.","description_kind":"markdown","required":true}},"block_types":{"section":{"nesting_mode":"list","block":{"attributes":{"name":{"type":"string","description":"Section name without brackets (e.g. `Unit`, `Service`, `Network`).","description_kind":"markdown","required":true}},"block_types":{"entry":{"nesting_mode":"list","block":{"attributes":{"key":{"type":"string","description_kind":"plain","required":true},"value":{"type":"string","description":"Value as written after `=` (may be empty).","description_kind":"markdown","required":true}},"description":"Key/value entries. Duplicate keys are allowed (systemd multi-value).","description_kind":"markdown"}}},"description":"Structured systemd INI sections. Mutually exclusive with `content`.","description_kind":"markdown"}}},"description":"Manages a systemd `.automount` unit under `/etc/systemd/system`. Usually paired with a `.mount` unit.","description_kind":"markdown"}},"systemd_credential":{"version":0,"block":{"attributes":{"data":{"type":"string","description":"Credential content. Never read back from the remote host, but persisted in Terraform state (marked `Sensitive`) — treat state as secret.","description_kind":"markdown","required":true,"sensitive":true},"encrypted":{"type":"bool","description":"Encrypt the credential with `systemd-creds encrypt` under `/etc/credstore.encrypted` (default `true`) instead of storing it as plaintext under `/etc/credstore`. Forces replacement when changed, since flipping this switches the remote path (`/etc/credstore` vs `/etc/credstore.encrypted`) and an in-place update would orphan the credential at the old path.","description_kind":"markdown","optional":true,"computed":true},"id":{"type":"string","description":"Resource identifier used in Terraform state.","description_kind":"markdown","computed":true},"name":{"type":"string","description":"Credential filename under the credstore (e.g. `db-pass`). Forces replacement when changed.","description_kind":"markdown","required":true},"with_key":{"type":"string","description":"Key source passed to `systemd-creds encrypt --with-key` (`auto`, `host`, `tpm2`, or `host+tpm2`). Only meaningful when `encrypted = true`.","description_kind":"markdown","optional":true}},"description":"Manages a systemd credential in the host credential store, consumable by units via `LoadCredential=` (plaintext, `/etc/credstore/{name}`) or `LoadCredentialEncrypted=` (encrypted with `systemd-creds`, `/etc/credstore.encrypted/{name}`). `data` is never decrypted or read back from the remote host, so Terraform trusts state/config for drift — but that also means the secret **is stored in Terraform state** (as a `Sensitive` attribute). Treat state as secret.","description_kind":"markdown"}},"systemd_dropin":{"version":0,"block":{"attributes":{"content":{"type":"string","description":"Raw file contents. Mutually exclusive with `section` blocks. When using `section`, this is computed from the rendered INI.","description_kind":"markdown","optional":true,"computed":true},"dropin":{"type":"string","description":"Drop-in filename ending in `.conf` (e.g. `override.conf`). Forces replacement when changed.","description_kind":"markdown","required":true},"id":{"type":"string","description":"Resource identifier used in Terraform state.","description_kind":"markdown","computed":true},"unit":{"type":"string","description":"Parent unit filename (e.g. `sshd.service`). Forces replacement when changed.","description_kind":"markdown","required":true}},"block_types":{"section":{"nesting_mode":"list","block":{"attributes":{"name":{"type":"string","description":"Section name without brackets (e.g. `Unit`, `Service`, `Network`).","description_kind":"markdown","required":true}},"block_types":{"entry":{"nesting_mode":"list","block":{"attributes":{"key":{"type":"string","description_kind":"plain","required":true},"value":{"type":"string","description":"Value as written after `=` (may be empty).","description_kind":"markdown","required":true}},"description":"Key/value entries. Duplicate keys are allowed (systemd multi-value).","description_kind":"markdown"}}},"description":"Structured systemd INI sections. Mutually exclusive with `content`.","description_kind":"markdown"}}},"description":"Manages a systemd drop-in under `/etc/systemd/system/{unit}.d/{dropin}` over SSH.","description_kind":"markdown"}},"systemd_instance":{"version":0,"block":{"attributes":{"active":{"type":"bool","description":"Whether the instance should be started (`systemctl start` / `stop`). Start failure fails the apply.","description_kind":"markdown","optional":true},"enable":{"type":"bool","description":"Whether the instance should be enabled (`systemctl enable` / `disable`).","description_kind":"markdown","optional":true},"id":{"type":"string","description":"Instantiated unit name (e.g. `app@bar.service`).","description_kind":"markdown","computed":true},"instance":{"type":"string","description":"Instance string spliced into the template (e.g. `bar` for `app@bar.service`). Forces replacement when changed.","description_kind":"markdown","required":true},"template":{"type":"string","description":"Template unit name (e.g. `app@.service`). Forces replacement when changed.","description_kind":"markdown","required":true}},"description":"Manages the lifecycle (enable/active) of an instance of a systemd template unit (e.g. `app@bar.service` instantiated from template `app@.service`). The template unit file itself must be managed separately (e.g. with `systemd_unit`).","description_kind":"markdown"}},"systemd_link":{"version":0,"block":{"attributes":{"content":{"type":"string","description":"Raw file contents. Mutually exclusive with `section` blocks. When using `section`, this is computed from the rendered INI.","description_kind":"markdown","optional":true,"computed":true},"filename":{"type":"string","description":"Filename under `/etc/systemd/network` (must end with `.link`). Forces replacement when changed.","description_kind":"markdown","required":true},"id":{"type":"string","description":"Resource identifier used in Terraform state.","description_kind":"markdown","computed":true}},"block_types":{"section":{"nesting_mode":"list","block":{"attributes":{"name":{"type":"string","description":"Section name without brackets (e.g. `Unit`, `Service`, `Network`).","description_kind":"markdown","required":true}},"block_types":{"entry":{"nesting_mode":"list","block":{"attributes":{"key":{"type":"string","description_kind":"plain","required":true},"value":{"type":"string","description":"Value as written after `=` (may be empty).","description_kind":"markdown","required":true}},"description":"Key/value entries. Duplicate keys are allowed (systemd multi-value).","description_kind":"markdown"}}},"description":"Structured systemd INI sections. Mutually exclusive with `content`.","description_kind":"markdown"}}},"description":"Manages a `.link` file under `/etc/systemd/network` over SSH.","description_kind":"markdown"}},"systemd_machine":{"version":0,"block":{"attributes":{"active":{"type":"bool","description":"Whether the machine should be started (`systemctl start` / `stop`).","description_kind":"markdown","optional":true},"content":{"type":"string","description":"Raw file contents. Mutually exclusive with `section` blocks. When using `section`, this is computed from the rendered INI.","description_kind":"markdown","optional":true,"computed":true},"delete_image":{"type":"bool","description":"On destroy, run `machinectl remove` for the image (default `true`).","description_kind":"markdown","optional":true,"computed":true},"enable":{"type":"bool","description":"Whether `systemd-nspawn@{name}.service` should be enabled.","description_kind":"markdown","optional":true},"id":{"type":"string","description":"Resource identifier used in Terraform state.","description_kind":"markdown","computed":true},"name":{"type":"string","description":"Machine name (also the image name). Forces replacement when changed.","description_kind":"markdown","required":true}},"block_types":{"image":{"nesting_mode":"single","block":{"attributes":{"source":{"type":"string","description":"Remote path (local), HTTPS URL (tar/raw), or OCI reference (oci).","description_kind":"markdown","required":true},"type":{"type":"string","description":"Image source kind: `local` (import-tar/import-raw), `tar` (pull-tar), `raw` (pull-raw), or `oci` (pull-dkr).","description_kind":"markdown","required":true}},"description":"How to obtain the machine image (required).","description_kind":"markdown"}},"section":{"nesting_mode":"list","block":{"attributes":{"name":{"type":"string","description":"Section name without brackets (e.g. `Unit`, `Service`, `Network`).","description_kind":"markdown","required":true}},"block_types":{"entry":{"nesting_mode":"list","block":{"attributes":{"key":{"type":"string","description_kind":"plain","required":true},"value":{"type":"string","description":"Value as written after `=` (may be empty).","description_kind":"markdown","required":true}},"description":"Key/value entries. Duplicate keys are allowed (systemd multi-value).","description_kind":"markdown"}}},"description":"Structured systemd INI sections. Mutually exclusive with `content`.","description_kind":"markdown"}}},"description":"Manages a systemd-nspawn machine: image under `/var/lib/machines/{name}`, optional settings in `/etc/systemd/nspawn/{name}.nspawn`, and lifecycle of `systemd-nspawn@{name}.service` via `systemctl`.","description_kind":"markdown"}},"systemd_mount":{"version":0,"block":{"attributes":{"active":{"type":"bool","description":"Whether the unit should be started (`systemctl start` / `stop`). Start failure fails the apply.","description_kind":"markdown","optional":true},"content":{"type":"string","description":"Raw file contents. Mutually exclusive with `section` blocks. When using `section`, this is computed from the rendered INI.","description_kind":"markdown","optional":true,"computed":true},"enable":{"type":"bool","description":"Whether the unit should be enabled (`systemctl enable` / `disable`).","description_kind":"markdown","optional":true},"id":{"type":"string","description":"Resource identifier used in Terraform state.","description_kind":"markdown","computed":true},"name":{"type":"string","description":"Unit filename ending with `.mount`. Forces replacement when changed.","description_kind":"markdown","required":true}},"block_types":{"section":{"nesting_mode":"list","block":{"attributes":{"name":{"type":"string","description":"Section name without brackets (e.g. `Unit`, `Service`, `Network`).","description_kind":"markdown","required":true}},"block_types":{"entry":{"nesting_mode":"list","block":{"attributes":{"key":{"type":"string","description_kind":"plain","required":true},"value":{"type":"string","description":"Value as written after `=` (may be empty).","description_kind":"markdown","required":true}},"description":"Key/value entries. Duplicate keys are allowed (systemd multi-value).","description_kind":"markdown"}}},"description":"Structured systemd INI sections. Mutually exclusive with `content`.","description_kind":"markdown"}}},"description":"Manages a systemd `.mount` unit under `/etc/systemd/system` (e.g. `data.mount` for `/data`).","description_kind":"markdown"}},"systemd_netdev":{"version":0,"block":{"attributes":{"content":{"type":"string","description":"Raw file contents. Mutually exclusive with `section` blocks. When using `section`, this is computed from the rendered INI.","description_kind":"markdown","optional":true,"computed":true},"filename":{"type":"string","description":"Filename under `/etc/systemd/network` (must end with `.netdev`). Forces replacement when changed.","description_kind":"markdown","required":true},"id":{"type":"string","description":"Resource identifier used in Terraform state.","description_kind":"markdown","computed":true}},"block_types":{"section":{"nesting_mode":"list","block":{"attributes":{"name":{"type":"string","description":"Section name without brackets (e.g. `Unit`, `Service`, `Network`).","description_kind":"markdown","required":true}},"block_types":{"entry":{"nesting_mode":"list","block":{"attributes":{"key":{"type":"string","description_kind":"plain","required":true},"value":{"type":"string","description":"Value as written after `=` (may be empty).","description_kind":"markdown","required":true}},"description":"Key/value entries. Duplicate keys are allowed (systemd multi-value).","description_kind":"markdown"}}},"description":"Structured systemd INI sections. Mutually exclusive with `content`.","description_kind":"markdown"}}},"description":"Manages a `.netdev` file under `/etc/systemd/network` over SSH.","description_kind":"markdown"}},"systemd_network":{"version":0,"block":{"attributes":{"content":{"type":"string","description":"Raw file contents. Mutually exclusive with `section` blocks. When using `section`, this is computed from the rendered INI.","description_kind":"markdown","optional":true,"computed":true},"filename":{"type":"string","description":"Filename under `/etc/systemd/network` (must end with `.network`). Forces replacement when changed.","description_kind":"markdown","required":true},"id":{"type":"string","description":"Resource identifier used in Terraform state.","description_kind":"markdown","computed":true}},"block_types":{"section":{"nesting_mode":"list","block":{"attributes":{"name":{"type":"string","description":"Section name without brackets (e.g. `Unit`, `Service`, `Network`).","description_kind":"markdown","required":true}},"block_types":{"entry":{"nesting_mode":"list","block":{"attributes":{"key":{"type":"string","description_kind":"plain","required":true},"value":{"type":"string","description":"Value as written after `=` (may be empty).","description_kind":"markdown","required":true}},"description":"Key/value entries. Duplicate keys are allowed (systemd multi-value).","description_kind":"markdown"}}},"description":"Structured systemd INI sections. Mutually exclusive with `content`.","description_kind":"markdown"}}},"description":"Manages a `.network` file under `/etc/systemd/network` over SSH.","description_kind":"markdown"}},"systemd_path":{"version":0,"block":{"attributes":{"active":{"type":"bool","description":"Whether the unit should be started (`systemctl start` / `stop`). Start failure fails the apply.","description_kind":"markdown","optional":true},"content":{"type":"string","description":"Raw file contents. Mutually exclusive with `section` blocks. When using `section`, this is computed from the rendered INI.","description_kind":"markdown","optional":true,"computed":true},"enable":{"type":"bool","description":"Whether the unit should be enabled (`systemctl enable` / `disable`).","description_kind":"markdown","optional":true},"id":{"type":"string","description":"Resource identifier used in Terraform state.","description_kind":"markdown","computed":true},"name":{"type":"string","description":"Unit filename ending with `.path`. Forces replacement when changed.","description_kind":"markdown","required":true}},"block_types":{"section":{"nesting_mode":"list","block":{"attributes":{"name":{"type":"string","description":"Section name without brackets (e.g. `Unit`, `Service`, `Network`).","description_kind":"markdown","required":true}},"block_types":{"entry":{"nesting_mode":"list","block":{"attributes":{"key":{"type":"string","description_kind":"plain","required":true},"value":{"type":"string","description":"Value as written after `=` (may be empty).","description_kind":"markdown","required":true}},"description":"Key/value entries. Duplicate keys are allowed (systemd multi-value).","description_kind":"markdown"}}},"description":"Structured systemd INI sections. Mutually exclusive with `content`.","description_kind":"markdown"}}},"description":"Manages a systemd `.path` unit under `/etc/systemd/system`. Pair with a matching `.service` (`PathExists` / `PathChanged` / …).","description_kind":"markdown"}},"systemd_portable":{"version":0,"block":{"attributes":{"active":{"type":"bool","description":"Pass `--now` to `portablectl attach` / start the primary `{name}.service` unit.","description_kind":"markdown","optional":true},"delete_image":{"type":"bool","description":"On destroy, remove the portable image from disk (default `true`).","description_kind":"markdown","optional":true,"computed":true},"enable":{"type":"bool","description":"Pass `--enable` to `portablectl attach` / manage the primary `{name}.service` unit.","description_kind":"markdown","optional":true},"id":{"type":"string","description":"Resource identifier used in Terraform state.","description_kind":"markdown","computed":true},"name":{"type":"string","description":"Portable image name (also the unit prefix, e.g. `app` → `app.service`). Forces replacement when changed.","description_kind":"markdown","required":true}},"block_types":{"image":{"nesting_mode":"single","block":{"attributes":{"source":{"type":"string","description":"Remote path (local) or HTTPS URL (tar/raw).","description_kind":"markdown","required":true},"type":{"type":"string","description":"`local` (tar extract or raw copy), `tar` (HTTP pull+extract), or `raw` (HTTP pull to `.raw`).","description_kind":"markdown","required":true}},"description":"How to obtain the portable image (required). `oci` is rejected.","description_kind":"markdown"}}},"description":"Manages a systemd portable service image under `/var/lib/portables/{name}` (or `{name}.raw`) and attaches it with `portablectl`. Unit overrides use `systemd_dropin` / unit resources. `image.type = oci` is not supported (use `local`, `tar`, or `raw`).","description_kind":"markdown"}},"systemd_resolve_link":{"version":0,"block":{"attributes":{"default_route":{"type":"bool","description":"Whether the link is used as a default route for DNS queries.","description_kind":"markdown","optional":true},"dns":{"type":["list","string"],"description":"DNS servers for the link (`resolvectl dns`).","description_kind":"markdown","optional":true},"dnsovertls":{"type":"string","description":"DNS-over-TLS mode as accepted by `resolvectl dnsovertls`.","description_kind":"markdown","optional":true},"dnssec":{"type":"string","description":"DNSSEC mode as accepted by `resolvectl dnssec`.","description_kind":"markdown","optional":true},"domains":{"type":["list","string"],"description":"Search/routing domains (`resolvectl domain`). Use `~` prefix for route-only domains.","description_kind":"markdown","optional":true},"id":{"type":"string","description":"Resource identifier used in Terraform state.","description_kind":"markdown","computed":true},"link":{"type":"string","description":"Network interface name (e.g. `eth0`). Forces replacement when changed.","description_kind":"markdown","required":true},"llmnr":{"type":"string","description":"LLMNR mode as accepted by `resolvectl llmnr` (e.g. `yes`, `no`, `resolve`).","description_kind":"markdown","optional":true},"mdns":{"type":"string","description":"mDNS mode as accepted by `resolvectl mdns`.","description_kind":"markdown","optional":true}},"description":"Manages per-link DNS settings via remote `resolvectl`. **Runtime-only**: settings are cleared on reboot unless also configured in a `.network` file. Destroy runs `resolvectl revert \u003clink\u003e`.","description_kind":"markdown"}},"systemd_resolved":{"version":0,"block":{"attributes":{"content":{"type":"string","description":"Raw file contents. Mutually exclusive with `section` blocks. When using `section`, this is computed from the rendered INI.","description_kind":"markdown","optional":true,"computed":true},"id":{"type":"string","description":"Always `resolved.conf`.","description_kind":"markdown","computed":true}},"block_types":{"section":{"nesting_mode":"list","block":{"attributes":{"name":{"type":"string","description":"Section name without brackets (e.g. `Unit`, `Service`, `Network`).","description_kind":"markdown","required":true}},"block_types":{"entry":{"nesting_mode":"list","block":{"attributes":{"key":{"type":"string","description_kind":"plain","required":true},"value":{"type":"string","description":"Value as written after `=` (may be empty).","description_kind":"markdown","required":true}},"description":"Key/value entries. Duplicate keys are allowed (systemd multi-value).","description_kind":"markdown"}}},"description":"Structured systemd INI sections. Mutually exclusive with `content`.","description_kind":"markdown"}}},"description":"Manages `/etc/systemd/resolved.conf` over SSH. Apply runs `systemctl restart systemd-resolved.service`. Destroy removes the file and restarts (vendor defaults apply again).","description_kind":"markdown"}},"systemd_resolved_dropin":{"version":0,"block":{"attributes":{"content":{"type":"string","description":"Raw file contents. Mutually exclusive with `section` blocks. When using `section`, this is computed from the rendered INI.","description_kind":"markdown","optional":true,"computed":true},"id":{"type":"string","description":"Resource identifier used in Terraform state.","description_kind":"markdown","computed":true},"name":{"type":"string","description":"Drop-in filename ending in `.conf`. Forces replacement when changed.","description_kind":"markdown","required":true}},"block_types":{"section":{"nesting_mode":"list","block":{"attributes":{"name":{"type":"string","description":"Section name without brackets (e.g. `Unit`, `Service`, `Network`).","description_kind":"markdown","required":true}},"block_types":{"entry":{"nesting_mode":"list","block":{"attributes":{"key":{"type":"string","description_kind":"plain","required":true},"value":{"type":"string","description":"Value as written after `=` (may be empty).","description_kind":"markdown","required":true}},"description":"Key/value entries. Duplicate keys are allowed (systemd multi-value).","description_kind":"markdown"}}},"description":"Structured systemd INI sections. Mutually exclusive with `content`.","description_kind":"markdown"}}},"description":"Manages a drop-in under `/etc/systemd/resolved.conf.d/{name}` over SSH. Apply and destroy restart `systemd-resolved.service`.","description_kind":"markdown"}},"systemd_slice":{"version":0,"block":{"attributes":{"active":{"type":"bool","description":"Whether the unit should be started (`systemctl start` / `stop`). Start failure fails the apply.","description_kind":"markdown","optional":true},"content":{"type":"string","description":"Raw file contents. Mutually exclusive with `section` blocks. When using `section`, this is computed from the rendered INI.","description_kind":"markdown","optional":true,"computed":true},"enable":{"type":"bool","description":"Whether the unit should be enabled (`systemctl enable` / `disable`).","description_kind":"markdown","optional":true},"id":{"type":"string","description":"Resource identifier used in Terraform state.","description_kind":"markdown","computed":true},"name":{"type":"string","description":"Unit filename ending with `.slice`. Forces replacement when changed.","description_kind":"markdown","required":true}},"block_types":{"section":{"nesting_mode":"list","block":{"attributes":{"name":{"type":"string","description":"Section name without brackets (e.g. `Unit`, `Service`, `Network`).","description_kind":"markdown","required":true}},"block_types":{"entry":{"nesting_mode":"list","block":{"attributes":{"key":{"type":"string","description_kind":"plain","required":true},"value":{"type":"string","description":"Value as written after `=` (may be empty).","description_kind":"markdown","required":true}},"description":"Key/value entries. Duplicate keys are allowed (systemd multi-value).","description_kind":"markdown"}}},"description":"Structured systemd INI sections. Mutually exclusive with `content`.","description_kind":"markdown"}}},"description":"Manages a systemd `.slice` unit under `/etc/systemd/system` (cgroup resource hierarchy).","description_kind":"markdown"}},"systemd_socket":{"version":0,"block":{"attributes":{"active":{"type":"bool","description":"Whether the unit should be started (`systemctl start` / `stop`). Start failure fails the apply.","description_kind":"markdown","optional":true},"content":{"type":"string","description":"Raw file contents. Mutually exclusive with `section` blocks. When using `section`, this is computed from the rendered INI.","description_kind":"markdown","optional":true,"computed":true},"enable":{"type":"bool","description":"Whether the unit should be enabled (`systemctl enable` / `disable`).","description_kind":"markdown","optional":true},"id":{"type":"string","description":"Resource identifier used in Terraform state.","description_kind":"markdown","computed":true},"name":{"type":"string","description":"Unit filename ending with `.socket`. Forces replacement when changed.","description_kind":"markdown","required":true}},"block_types":{"section":{"nesting_mode":"list","block":{"attributes":{"name":{"type":"string","description":"Section name without brackets (e.g. `Unit`, `Service`, `Network`).","description_kind":"markdown","required":true}},"block_types":{"entry":{"nesting_mode":"list","block":{"attributes":{"key":{"type":"string","description_kind":"plain","required":true},"value":{"type":"string","description":"Value as written after `=` (may be empty).","description_kind":"markdown","required":true}},"description":"Key/value entries. Duplicate keys are allowed (systemd multi-value).","description_kind":"markdown"}}},"description":"Structured systemd INI sections. Mutually exclusive with `content`.","description_kind":"markdown"}}},"description":"Manages a systemd `.socket` unit under `/etc/systemd/system`. Pair with a matching `.service`.","description_kind":"markdown"}},"systemd_swap":{"version":0,"block":{"attributes":{"active":{"type":"bool","description":"Whether the unit should be started (`systemctl start` / `stop`). Start failure fails the apply.","description_kind":"markdown","optional":true},"content":{"type":"string","description":"Raw file contents. Mutually exclusive with `section` blocks. When using `section`, this is computed from the rendered INI.","description_kind":"markdown","optional":true,"computed":true},"enable":{"type":"bool","description":"Whether the unit should be enabled (`systemctl enable` / `disable`).","description_kind":"markdown","optional":true},"id":{"type":"string","description":"Resource identifier used in Terraform state.","description_kind":"markdown","computed":true},"name":{"type":"string","description":"Unit filename ending with `.swap`. Forces replacement when changed.","description_kind":"markdown","required":true}},"block_types":{"section":{"nesting_mode":"list","block":{"attributes":{"name":{"type":"string","description":"Section name without brackets (e.g. `Unit`, `Service`, `Network`).","description_kind":"markdown","required":true}},"block_types":{"entry":{"nesting_mode":"list","block":{"attributes":{"key":{"type":"string","description_kind":"plain","required":true},"value":{"type":"string","description":"Value as written after `=` (may be empty).","description_kind":"markdown","required":true}},"description":"Key/value entries. Duplicate keys are allowed (systemd multi-value).","description_kind":"markdown"}}},"description":"Structured systemd INI sections. Mutually exclusive with `content`.","description_kind":"markdown"}}},"description":"Manages a systemd `.swap` unit under `/etc/systemd/system` (e.g. `swapfile.swap`).","description_kind":"markdown"}},"systemd_target":{"version":0,"block":{"attributes":{"active":{"type":"bool","description":"Whether the unit should be started (`systemctl start` / `stop`). Start failure fails the apply.","description_kind":"markdown","optional":true},"content":{"type":"string","description":"Raw file contents. Mutually exclusive with `section` blocks. When using `section`, this is computed from the rendered INI.","description_kind":"markdown","optional":true,"computed":true},"enable":{"type":"bool","description":"Whether the unit should be enabled (`systemctl enable` / `disable`).","description_kind":"markdown","optional":true},"id":{"type":"string","description":"Resource identifier used in Terraform state.","description_kind":"markdown","computed":true},"name":{"type":"string","description":"Unit filename ending with `.target`. Forces replacement when changed.","description_kind":"markdown","required":true}},"block_types":{"section":{"nesting_mode":"list","block":{"attributes":{"name":{"type":"string","description":"Section name without brackets (e.g. `Unit`, `Service`, `Network`).","description_kind":"markdown","required":true}},"block_types":{"entry":{"nesting_mode":"list","block":{"attributes":{"key":{"type":"string","description_kind":"plain","required":true},"value":{"type":"string","description":"Value as written after `=` (may be empty).","description_kind":"markdown","required":true}},"description":"Key/value entries. Duplicate keys are allowed (systemd multi-value).","description_kind":"markdown"}}},"description":"Structured systemd INI sections. Mutually exclusive with `content`.","description_kind":"markdown"}}},"description":"Manages a systemd `.target` unit under `/etc/systemd/system` (grouping / synchronization point for other units).","description_kind":"markdown"}},"systemd_timer":{"version":0,"block":{"attributes":{"active":{"type":"bool","description":"Whether the unit should be started (`systemctl start` / `stop`). Start failure fails the apply.","description_kind":"markdown","optional":true},"content":{"type":"string","description":"Raw file contents. Mutually exclusive with `section` blocks. When using `section`, this is computed from the rendered INI.","description_kind":"markdown","optional":true,"computed":true},"enable":{"type":"bool","description":"Whether the unit should be enabled (`systemctl enable` / `disable`).","description_kind":"markdown","optional":true},"id":{"type":"string","description":"Resource identifier used in Terraform state.","description_kind":"markdown","computed":true},"name":{"type":"string","description":"Unit filename ending with `.timer`. Forces replacement when changed.","description_kind":"markdown","required":true}},"block_types":{"section":{"nesting_mode":"list","block":{"attributes":{"name":{"type":"string","description":"Section name without brackets (e.g. `Unit`, `Service`, `Network`).","description_kind":"markdown","required":true}},"block_types":{"entry":{"nesting_mode":"list","block":{"attributes":{"key":{"type":"string","description_kind":"plain","required":true},"value":{"type":"string","description":"Value as written after `=` (may be empty).","description_kind":"markdown","required":true}},"description":"Key/value entries. Duplicate keys are allowed (systemd multi-value).","description_kind":"markdown"}}},"description":"Structured systemd INI sections. Mutually exclusive with `content`.","description_kind":"markdown"}}},"description":"Manages a systemd `.timer` unit under `/etc/systemd/system`. Pair with a matching `.service` (`systemd_unit`).","description_kind":"markdown"}},"systemd_unit":{"version":0,"block":{"attributes":{"active":{"type":"bool","description":"Whether the unit should be started (`systemctl start` / `stop`). Start failure fails the apply.","description_kind":"markdown","optional":true},"content":{"type":"string","description":"Raw file contents. Mutually exclusive with `section` blocks. When using `section`, this is computed from the rendered INI.","description_kind":"markdown","optional":true,"computed":true},"enable":{"type":"bool","description":"Whether the unit should be enabled (`systemctl enable` / `disable`).","description_kind":"markdown","optional":true},"id":{"type":"string","description":"Resource identifier used in Terraform state.","description_kind":"markdown","computed":true},"name":{"type":"string","description":"Unit filename (e.g. `demo.service`). Forces replacement when changed.","description_kind":"markdown","required":true}},"block_types":{"section":{"nesting_mode":"list","block":{"attributes":{"name":{"type":"string","description":"Section name without brackets (e.g. `Unit`, `Service`, `Network`).","description_kind":"markdown","required":true}},"block_types":{"entry":{"nesting_mode":"list","block":{"attributes":{"key":{"type":"string","description_kind":"plain","required":true},"value":{"type":"string","description":"Value as written after `=` (may be empty).","description_kind":"markdown","required":true}},"description":"Key/value entries. Duplicate keys are allowed (systemd multi-value).","description_kind":"markdown"}}},"description":"Structured systemd INI sections. Mutually exclusive with `content`.","description_kind":"markdown"}}},"description":"Manages a systemd unit file under `/etc/systemd/system/{name}` on a remote host over SSH.","description_kind":"markdown"}}},"data_source_schemas":{"systemd_link":{"version":0,"block":{"attributes":{"id":{"type":"string","description":"Same as `name`.","description_kind":"markdown","computed":true},"name":{"type":"string","description":"Interface name (e.g. `eth0`).","description_kind":"markdown","required":true},"operational_state":{"type":"string","description":"Parsed operational state from `networkctl status`.","description_kind":"markdown","computed":true},"setup_state":{"type":"string","description":"Parsed setup state from `networkctl status` when present.","description_kind":"markdown","computed":true}},"description":"Reads networkd link status via remote `networkctl status`.","description_kind":"markdown"}},"systemd_resolve_status":{"version":0,"block":{"attributes":{"id":{"type":"string","description":"Link name, or `global` when unset.","description_kind":"markdown","computed":true},"link":{"type":"string","description":"Optional interface name. When unset, returns global status.","description_kind":"markdown","optional":true},"status":{"type":"string","description":"Raw stdout from `resolvectl status`.","description_kind":"markdown","computed":true}},"description":"Reads systemd-resolved status via remote `resolvectl status [link]`.","description_kind":"markdown"}},"systemd_unit":{"version":0,"block":{"attributes":{"active_state":{"type":"string","description":"systemd `ActiveState` property.","description_kind":"markdown","computed":true},"id":{"type":"string","description":"Same as `name`.","description_kind":"markdown","computed":true},"load_state":{"type":"string","description":"systemd `LoadState` property.","description_kind":"markdown","computed":true},"name":{"type":"string","description":"Unit filename (e.g. `sshd.service`).","description_kind":"markdown","required":true},"sub_state":{"type":"string","description":"systemd `SubState` property.","description_kind":"markdown","computed":true},"unit_file_state":{"type":"string","description":"systemd `UnitFileState` property (enabled/disabled/…).","description_kind":"markdown","computed":true}},"description":"Reads systemd unit status via remote `systemctl show`.","description_kind":"markdown"}}}}}}
